
Microsoft Visual Studio Solution File, Format Version 12.00
# Visual Studio Version 16
VisualStudioVersion = 16.0.31911.196
MinimumVisualStudioVersion = 10.0.40219.1
Project("{FAE04EC0-301F-11D3-BF4B-00C04F79EFBC}") = "CountingCandles_Original", "CountingCandles_Original\CountingCandles_Original.csproj", "{053DD930-D079-4A4B-BC2E-15085AE644AA}"
EndProject
Global
	GlobalSection(SolutionConfigurationPlatforms) = preSolution
		Debug|Any CPU = Debug|Any CPU
		Release|Any CPU = Release|Any CPU
	EndGlobalSection
	GlobalSection(ProjectConfigurationPlatforms) = postSolution
		{053DD930-D079-4A4B-BC2E-15085AE644AA}.Debug|Any CPU.ActiveCfg = Debug|Any CPU
		{053DD930-D079-4A4B-BC2E-15085AE644AA}.Debug|Any CPU.Build.0 = Debug|Any CPU
		{053DD930-D079-4A4B-BC2E-15085AE644AA}.Release|Any CPU.ActiveCfg = Release|Any CPU
		{053DD930-D079-4A4B-BC2E-15085AE644AA}.Release|Any CPU.Build.0 = Release|Any CPU
	EndGlobalSection
	GlobalSection(SolutionProperties) = preSolution
		HideSolutionNode = FALSE
	EndGlobalSection
	GlobalSection(ExtensibilityGlobals) = postSolution
		SolutionGuid = {7C9ECCD4-7806-4A4C-A1A2-99F04A948BE7}
	EndGlobalSection
EndGlobal
